{
  "name": "project-updater",
  "version": "0.4.0",
  "lockfileVersion": 3,
  "requires": true,
  "packages": {
    "": {
      "name": "project-updater",
      "version": "0.4.0",
      "license": "ISC",
      "devDependencies": {
        "@mguillaumef/audiso": "^0.0.4",
        "@tsconfig/recommended": "^1.0.2",
        "@types/node": "^20.3.3",
        "typescript": "^5.1.6"
      }
    },
    "node_modules/@mguillaumef/audiso": {
      "version": "0.0.4",
      "resolved": "https://registry.npmjs.org/@mguillaumef/audiso/-/audiso-0.0.4.tgz",
      "integrity": "sha512-UFR4HG+gM0UfcglwnZCmuV2GgX8kxweSpCCq/x7TMqz2hroxt9kfZ0pb6YZnmeDV0DZIbYdADqy1kp91Bp0MyQ==",
      "dev": true,
      "bin": {
        "audiso": "dist/bin/audiso.js"
      }
    },
    "node_modules/@tsconfig/recommended": {
      "version": "1.0.2",
      "resolved": "https://registry.npmjs.org/@tsconfig/recommended/-/recommended-1.0.2.tgz",
      "integrity": "sha512-dbHBtbWBOjq0/otpopAE02NT2Cm05Qe2JsEKeCf/wjSYbI2hz8nCqnpnOJWHATgjDz4fd3dchs3Wy1gQGjfN6w==",
      "dev": true
    },
    "node_modules/@types/node": {
      "version": "20.3.3",
      "resolved": "https://registry.npmjs.org/@types/node/-/node-20.3.3.tgz",
      "integrity": "sha512-wheIYdr4NYML61AjC8MKj/2jrR/kDQri/CIpVoZwldwhnIrD/j9jIU5bJ8yBKuB2VhpFV7Ab6G2XkBjv9r9Zzw==",
      "dev": true
    },
    "node_modules/typescript": {
      "version": "5.1.6",
      "resolved": "https://registry.npmjs.org/typescript/-/typescript-5.1.6.tgz",
      "integrity": "sha512-zaWCozRZ6DLEWAWFrVDz1H6FVXzUSfTy5FUMWsQlU8Ym5JP9eO4xkTIROFCQvhQf61z6O/G6ugw3SgAnvvm+HA==",
      "dev": true,
      "bin": {
        "tsc": "bin/tsc",
        "tsserver": "bin/tsserver"
      },
      "engines": {
        "node": ">=14.17"
      }
    }
  }
}
